
Microsoft Visual Studio Solution File, Format Version 12.00
# Visual Studio 15
VisualStudioVersion = 15.0.28307.489
MinimumVisualStudioVersion = 10.0.40219.1
Project("{FAE04EC0-301F-11D3-BF4B-00C04F79EFBC}") = "ChartsExample", "ChartsExample\ChartsExample.csproj", "{0CE2B83C-4F97-41C4-BED3-0923B1F0FB1E}"
EndProject
Global
	GlobalSection(SolutionConfigurationPlatforms) = preSolution
		Debug|Any CPU = Debug|Any CPU
		Release|Any CPU = Release|Any CPU
	EndGlobalSection
	GlobalSection(ProjectConfigurationPlatforms) = postSolution
		{0CE2B83C-4F97-41C4-BED3-0923B1F0FB1E}.Debug|Any CPU.ActiveCfg = Debug|Any CPU
		{0CE2B83C-4F97-41C4-BED3-0923B1F0FB1E}.Debug|Any CPU.Build.0 = Debug|Any CPU
		{0CE2B83C-4F97-41C4-BED3-0923B1F0FB1E}.Release|Any CPU.ActiveCfg = Release|Any CPU
		{0CE2B83C-4F97-41C4-BED3-0923B1F0FB1E}.Release|Any CPU.Build.0 = Release|Any CPU
	EndGlobalSection
	GlobalSection(SolutionProperties) = preSolution
		HideSolutionNode = FALSE
	EndGlobalSection
	GlobalSection(ExtensibilityGlobals) = postSolution
		SolutionGuid = {54365776-A9CB-46D0-9892-E59893CFCA43}
	EndGlobalSection
EndGlobal
